github.com/layervai/qurl-conformance v0.17.1 h1:GjRBTEWTW+F5Dsn0mfJJ6iICedJTENu4YPg12ue8iyA=
github.com/layervai/qurl-conformance v0.17.1/go.mod h1:NHtczZdj7SRFqLj9iS4dCGyYZSZKfpILnBRhC53W7WA=
golang.org/x/crypto v0.57.0 h1:3ZVCjf8Ggz7zneR/EHRVx68Ctf+2pmIMP2UFhh9cC6M=
golang.org/x/crypto v0.57.0/go.mod h1:Fdz0i5U6CoizGwLda9DttjSk6qlZo25zYNtR+ycvuZA=
golang.org/x/sys v0.48.0 h1:bbX/i/6MgT9BVLM9RT1thmxL04yeTAhbEz4SyadbXoo=
golang.org/x/sys v0.48.0/go.mod h1:hNLxWAXmnKAxqDtdwIYC4bM9oQPEecfsnNMuSxOs3og=
