github.com/layervai/qurl-conformance v0.12.6-0.20260820152433-d2c6f99fcef7 h1:td1S6Q6AO6p6ry+i5Xusyn/oTJcpSR8pmrFI0JkZuyE=
github.com/layervai/qurl-conformance v0.12.6-0.20260820152433-d2c6f99fcef7/go.mod h1:NHtczZdj7SRFqLj9iS4dCGyYZSZKfpILnBRhC53W7WA=
golang.org/x/crypto v0.54.0 h1:YLIA59K4fiNzHzjnZt2tUJQjQtUWfWbeHBqKtk3eScw=
golang.org/x/crypto v0.54.0/go.mod h1:KWL8ny2AZdGR2cWmzeHrp2azQPGogOv+HeQaVEXC2dk=
golang.org/x/sys v0.47.0 h1:o7XGOvZQCADBQQ4Y7VNq2dRWQR7JmOUW8Kxx4ZsNgWs=
golang.org/x/sys v0.47.0/go.mod h1:4GL1E5IUh+htKOUEOaiffhrAeqysfVGipDYzABqnCmw=
